// !$*UTF8*$!
{
	archiveVersion = 1;
	classes = {
	};
	objectVersion = 77;
	objects = {

/* Begin PBXBuildFile section */
		3AD6F9EE2F52397E006F6C92 /* UserProfile.swift in Sources */ = {isa = PBXBuildFile; fileRef = 3AD6F9ED2F52397E006F6C92 /* UserProfile.swift */; };
		3AD6F9F02F5239DC006F6C92 /* ProfileView.swift in Sources */ = {isa = PBXBuildFile; fileRef = 3AD6F9EF2F5239DC006F6C92 /* ProfileView.swift */; };
		3AD6F9F22F525EBD006F6C92 /* MedicalConditionsDetailView.swift in Sources */ = {isa = PBXBuildFile; fileRef = 3AD6F9F12F525EBD006F6C92 /* MedicalConditionsDetailView.swift */; };
		3AD6F9F42F525ECD006F6C92 /* CurrentInjuriesDetailView.swift in Sources */ = {isa = PBXBuildFile; fileRef = 3AD6F9F32F525ECD006F6C92 /* CurrentInjuriesDetailView.swift */; };
		3AD6F9F62F526443006F6C92 /* MedicationsDetailView.swift in Sources */ = {isa = PBXBuildFile; fileRef = 3AD6F9F52F526443006F6C92 /* MedicationsDetailView.swift */; };
		3AD6FA042F52F054006F6C92 /* SystemPrompt.swift in Sources */ = {isa = PBXBuildFile; fileRef = 3AD6FA032F52F054006F6C92 /* SystemPrompt.swift */; };
		3AE32DAA2F4EEC4800D0BFE3 /* ChatView.swift in Sources */ = {isa = PBXBuildFile; fileRef = 3AE32DA92F4EEC4800D0BFE3 /* ChatView.swift */; };
		3AE32DAC2F4EEC5000D0BFE3 /* SideMenuView.swift in Sources */ = {isa = PBXBuildFile; fileRef = 3AE32DAB2F4EEC5000D0BFE3 /* SideMenuView.swift */; };
		3AEB34E72F50F3EB00B43B55 /* Conversation.swift in Sources */ = {isa = PBXBuildFile; fileRef = 3AEB34E62F50F3E700B43B55 /* Conversation.swift */; };
		3AEB34E92F50F58000B43B55 /* ChatsListView.swift in Sources */ = {isa = PBXBuildFile; fileRef = 3AEB34E82F50F57D00B43B55 /* ChatsListView.swift */; };
		3AEB34EF2F518D8C00B43B55 /* WorkoutProgramView.swift in Sources */ = {isa = PBXBuildFile; fileRef = 3AEB34EE2F518D8500B43B55 /* WorkoutProgramView.swift */; };
		3AEB34F12F51F1ED00B43B55 /* SettingsView.swift in Sources */ = {isa = PBXBuildFile; fileRef = 3AEB34F02F51F1ED00B43B55 /* SettingsView.swift */; };
		AA11111100000000AA000001 /* AIModel.swift in Sources */ = {isa = PBXBuildFile; fileRef = BB11111100000000BB000001 /* AIModel.swift */; };
		AA11111100000000AA000002 /* ChatMessage.swift in Sources */ = {isa = PBXBuildFile; fileRef = BB11111100000000BB000002 /* ChatMessage.swift */; };
		AA11111100000000AA000003 /* KeychainHelper.swift in Sources */ = {isa = PBXBuildFile; fileRef = BB11111100000000BB000003 /* KeychainHelper.swift */; };
		AA11111100000000AA000004 /* ChatService.swift in Sources */ = {isa = PBXBuildFile; fileRef = BB11111100000000BB000004 /* ChatService.swift */; };
		AA11111100000000AA000005 /* AppTheme.swift in Sources */ = {isa = PBXBuildFile; fileRef = BB11111100000000BB000005 /* AppTheme.swift */; };
/* End PBXBuildFile section */

/* Begin PBXContainerItemProxy section */
		3AE32D632F4E539100D0BFE3 /* PBXContainerItemProxy */ = {
			isa = PBXContainerItemProxy;
			containerPortal = 3AE32D4B2F4E538F00D0BFE3 /* Project object */;
			proxyType = 1;
			remoteGlobalIDString = 3AE32D522F4E538F00D0BFE3;
			remoteInfo = "train-ai-v2";
		};
		3AE32D6D2F4E539100D0BFE3 /* PBXContainerItemProxy */ = {
			isa = PBXContainerItemProxy;
			containerPortal = 3AE32D4B2F4E538F00D0BFE3 /* Project object */;
			proxyType = 1;
			remoteGlobalIDString = 3AE32D522F4E538F00D0BFE3;
			remoteInfo = "train-ai-v2";
		};
/* End PBXContainerItemProxy section */

/* Begin PBXFileReference section */
		3AD6F9ED2F52397E006F6C92 /* UserProfile.swift */ = {isa = PBXFileReference; lastKnownFileType = sourcecode.swift; path = UserProfile.swift; sourceTree = "<group>"; };
		3AD6F9EF2F5239DC006F6C92 /* ProfileView.swift */ = {isa = PBXFileReference; lastKnownFileType = sourcecode.swift; path = ProfileView.swift; sourceTree = "<group>"; };
		3AD6F9F12F525EBD006F6C92 /* MedicalConditionsDetailView.swift */ = {isa = PBXFileReference; lastKnownFileType = sourcecode.swift; path = MedicalConditionsDetailView.swift; sourceTree = "<group>"; };
		3AD6F9F32F525ECD006F6C92 /* CurrentInjuriesDetailView.swift */ = {isa = PBXFileReference; lastKnownFileType = sourcecode.swift; path = CurrentInjuriesDetailView.swift; sourceTree = "<group>"; };
		3AD6F9F52F526443006F6C92 /* MedicationsDetailView.swift */ = {isa = PBXFileReference; lastKnownFileType = sourcecode.swift; path = MedicationsDetailView.swift; sourceTree = "<group>"; };
		3AD6FA032F52F054006F6C92 /* SystemPrompt.swift */ = {isa = PBXFileReference; lastKnownFileType = sourcecode.swift; path = SystemPrompt.swift; sourceTree = "<group>"; };
		3AE32D532F4E538F00D0BFE3 /* train-ai-v2.app */ = {isa = PBXFileReference; explicitFileType = wrapper.application; includeInIndex = 0; path = "train-ai-v2.app"; sourceTree = BUILT_PRODUCTS_DIR; };
		3AE32D622F4E539100D0BFE3 /* train-ai-v2Tests.xctest */ = {isa = PBXFileReference; explicitFileType = wrapper.cfbundle; includeInIndex = 0; path = "train-ai-v2Tests.xctest"; sourceTree = BUILT_PRODUCTS_DIR; };
		3AE32D6C2F4E539100D0BFE3 /* train-ai-v2UITests.xctest */ = {isa = PBXFileReference; explicitFileType = wrapper.cfbundle; includeInIndex = 0; path = "train-ai-v2UITests.xctest"; sourceTree = BUILT_PRODUCTS_DIR; };
		3AE32DA92F4EEC4800D0BFE3 /* ChatView.swift */ = {isa = PBXFileReference; lastKnownFileType = sourcecode.swift; path = ChatView.swift; sourceTree = "<group>"; };
		3AE32DAB2F4EEC5000D0BFE3 /* SideMenuView.swift */ = {isa = PBXFileReference; lastKnownFileType = sourcecode.swift; path = SideMenuView.swift; sourceTree = "<group>"; };
		3AEB34E62F50F3E700B43B55 /* Conversation.swift */ = {isa = PBXFileReference; lastKnownFileType = sourcecode.swift; path = Conversation.swift; sourceTree = "<group>"; };
		3AEB34E82F50F57D00B43B55 /* ChatsListView.swift */ = {isa = PBXFileReference; lastKnownFileType = sourcecode.swift; path = ChatsListView.swift; sourceTree = "<group>"; };
		3AEB34EE2F518D8500B43B55 /* WorkoutProgramView.swift */ = {isa = PBXFileReference; lastKnownFileType = sourcecode.swift; path = WorkoutProgramView.swift; sourceTree = "<group>"; };
		3AEB34F02F51F1ED00B43B55 /* SettingsView.swift */ = {isa = PBXFileReference; lastKnownFileType = sourcecode.swift; path = SettingsView.swift; sourceTree = "<group>"; };
		BB11111100000000BB000001 /* AIModel.swift */ = {isa = PBXFileReference; lastKnownFileType = sourcecode.swift; path = AIModel.swift; sourceTree = "<group>"; };
		BB11111100000000BB000002 /* ChatMessage.swift */ = {isa = PBXFileReference; lastKnownFileType = sourcecode.swift; path = ChatMessage.swift; sourceTree = "<group>"; };
		BB11111100000000BB000003 /* KeychainHelper.swift */ = {isa = PBXFileReference; lastKnownFileType = sourcecode.swift; path = KeychainHelper.swift; sourceTree = "<group>"; };
		BB11111100000000BB000004 /* ChatService.swift */ = {isa = PBXFileReference; lastKnownFileType = sourcecode.swift; path = ChatService.swift; sourceTree = "<group>"; };
		BB11111100000000BB000005 /* AppTheme.swift */ = {isa = PBXFileReference; lastKnownFileType = sourcecode.swift; path = AppTheme.swift; sourceTree = "<group>"; };
/* End PBXFileReference section */

/* Begin PBXFileSystemSynchronizedRootGroup section */
		3AE32D552F4E538F00D0BFE3 /* train-ai-v2 */ = {
			isa = PBXFileSystemSynchronizedRootGroup;
			path = "train-ai-v2";
			sourceTree = "<group>";
		};
		3AE32D652F4E539100D0BFE3 /* train-ai-v2Tests */ = {
			isa = PBXFileSystemSynchronizedRootGroup;
			path = "train-ai-v2Tests";
			sourceTree = "<group>";
		};
		3AE32D6F2F4E539100D0BFE3 /* train-ai-v2UITests */ = {
			isa = PBXFileSystemSynchronizedRootGroup;
			path = "train-ai-v2UITests";
			sourceTree = "<group>";
		};
/* End PBXFileSystemSynchronizedRootGroup section */

/* Begin PBXFrameworksBuildPhase section */
		3AE32D502F4E538F00D0BFE3 /* Frameworks */ = {
			isa = PBXFrameworksBuildPhase;
			buildActionMask = 2147483647;
			files = (
			);
			runOnlyForDeploymentPostprocessing = 0;
		};
		3AE32D5F2F4E539100D0BFE3 /* Frameworks */ = {
			isa = PBXFrameworksBuildPhase;
			buildActionMask = 2147483647;
			files = (
			);
			runOnlyForDeploymentPostprocessing = 0;
		};
		3AE32D692F4E539100D0BFE3 /* Frameworks */ = {
			isa = PBXFrameworksBuildPhase;
			buildActionMask = 2147483647;
			files = (
			);
			runOnlyForDeploymentPostprocessing = 0;
		};
/* End PBXFrameworksBuildPhase section */

/* Begin PBXGroup section */
		3AE32D4A2F4E538F00D0BFE3 = {
			isa = PBXGroup;
			children = (
				3AE32D552F4E538F00D0BFE3 /* train-ai-v2 */,
				3AE32D652F4E539100D0BFE3 /* train-ai-v2Tests */,
				3AE32D6F2F4E539100D0BFE3 /* train-ai-v2UITests */,
				3AE32D542F4E538F00D0BFE3 /* Products */,
				3AE32DA92F4EEC4800D0BFE3 /* ChatView.swift */,
				3AE32DAB2F4EEC5000D0BFE3 /* SideMenuView.swift */,
				3AEB34F02F51F1ED00B43B55 /* SettingsView.swift */,
				3AEB34E62F50F3E700B43B55 /* Conversation.swift */,
				BB11111100000000BB000001 /* AIModel.swift */,
				3AEB34EE2F518D8500B43B55 /* WorkoutProgramView.swift */,
				BB11111100000000BB000002 /* ChatMessage.swift */,
				BB11111100000000BB000003 /* KeychainHelper.swift */,
				BB11111100000000BB000004 /* ChatService.swift */,
				3AEB34E82F50F57D00B43B55 /* ChatsListView.swift */,
				BB11111100000000BB000005 /* AppTheme.swift */,
				3AD6F9ED2F52397E006F6C92 /* UserProfile.swift */,
				3AD6F9EF2F5239DC006F6C92 /* ProfileView.swift */,
				3AD6FA032F52F054006F6C92 /* SystemPrompt.swift */,
				3AD6F9F12F525EBD006F6C92 /* MedicalConditionsDetailView.swift */,
				3AD6F9F32F525ECD006F6C92 /* CurrentInjuriesDetailView.swift */,
				3AD6F9F52F526443006F6C92 /* MedicationsDetailView.swift */,
			);
			sourceTree = "<group>";
		};
		3AE32D542F4E538F00D0BFE3 /* Products */ = {
			isa = PBXGroup;
			children = (
				3AE32D532F4E538F00D0BFE3 /* train-ai-v2.app */,
				3AE32D622F4E539100D0BFE3 /* train-ai-v2Tests.xctest */,
				3AE32D6C2F4E539100D0BFE3 /* train-ai-v2UITests.xctest */,
			);
			name = Products;
			sourceTree = "<group>";
		};
/* End PBXGroup section */

/* Begin PBXNativeTarget section */
		3AE32D522F4E538F00D0BFE3 /* train-ai-v2 */ = {
			isa = PBXNativeTarget;
			buildConfigurationList = 3AE32D762F4E539100D0BFE3 /* Build configuration list for PBXNativeTarget "train-ai-v2" */;
			buildPhases = (
				3AE32D4F2F4E538F00D0BFE3 /* Sources */,
				3AE32D502F4E538F00D0BFE3 /* Frameworks */,
				3AE32D512F4E538F00D0BFE3 /* Resources */,
			);
			buildRules = (
			);
			dependencies = (
			);
			fileSystemSynchronizedGroups = (
				3AE32D552F4E538F00D0BFE3 /* train-ai-v2 */,
			);
			name = "train-ai-v2";
			packageProductDependencies = (
			);
			productName = "train-ai-v2";
			productReference = 3AE32D532F4E538F00D0BFE3 /* train-ai-v2.app */;
			productType = "com.apple.product-type.application";
		};
		3AE32D612F4E539100D0BFE3 /* train-ai-v2Tests */ = {
			isa = PBXNativeTarget;
			buildConfigurationList = 3AE32D792F4E539100D0BFE3 /* Build configuration list for PBXNativeTarget "train-ai-v2Tests" */;
			buildPhases = (
				3AE32D5E2F4E539100D0BFE3 /* Sources */,
				3AE32D5F2F4E539100D0BFE3 /* Frameworks */,
				3AE32D602F4E539100D0BFE3 /* Resources */,
			);
			buildRules = (
			);
			dependencies = (
				3AE32D642F4E539100D0BFE3 /* PBXTargetDependency */,
			);
			fileSystemSynchronizedGroups = (
				3AE32D652F4E539100D0BFE3 /* train-ai-v2Tests */,
			);
			name = "train-ai-v2Tests";
			packageProductDependencies = (
			);
			productName = "train-ai-v2Tests";
			productReference = 3AE32D622F4E539100D0BFE3 /* train-ai-v2Tests.xctest */;
			productType = "com.apple.product-type.bundle.unit-test";
		};
		3AE32D6B2F4E539100D0BFE3 /* train-ai-v2UITests */ = {
			isa = PBXNativeTarget;
			buildConfigurationList = 3AE32D7C2F4E539100D0BFE3 /* Build configuration list for PBXNativeTarget "train-ai-v2UITests" */;
			buildPhases = (
				3AE32D682F4E539100D0BFE3 /* Sources */,
				3AE32D692F4E539100D0BFE3 /* Frameworks */,
				3AE32D6A2F4E539100D0BFE3 /* Resources */,
			);
			buildRules = (
			);
			dependencies = (
				3AE32D6E2F4E539100D0BFE3 /* PBXTargetDependency */,
			);
			fileSystemSynchronizedGroups = (
				3AE32D6F2F4E539100D0BFE3 /* train-ai-v2UITests */,
			);
			name = "train-ai-v2UITests";
			packageProductDependencies = (
			);
			productName = "train-ai-v2UITests";
			productReference = 3AE32D6C2F4E539100D0BFE3 /* train-ai-v2UITests.xctest */;
			productType = "com.apple.product-type.bundle.ui-testing";
		};
/* End PBXNativeTarget section */

/* Begin PBXProject section */
		3AE32D4B2F4E538F00D0BFE3 /* Project object */ = {
			isa = PBXProject;
			attributes = {
				BuildIndependentTargetsInParallel = 1;
				LastSwiftUpdateCheck = 2630;
				LastUpgradeCheck = 2630;
				TargetAttributes = {
					3AE32D522F4E538F00D0BFE3 = {
						CreatedOnToolsVersion = 26.3;
					};
					3AE32D612F4E539100D0BFE3 = {
						CreatedOnToolsVersion = 26.3;
						TestTargetID = 3AE32D522F4E538F00D0BFE3;
					};
					3AE32D6B2F4E539100D0BFE3 = {
						CreatedOnToolsVersion = 26.3;
						TestTargetID = 3AE32D522F4E538F00D0BFE3;
					};
				};
			};
			buildConfigurationList = 3AE32D4E2F4E538F00D0BFE3 /* Build configuration list for PBXProject "train-ai-v2" */;
			developmentRegion = en;
			hasScannedForEncodings = 0;
			knownRegions = (
				en,
				Base,
			);
			mainGroup = 3AE32D4A2F4E538F00D0BFE3;
			minimizedProjectReferenceProxies = 1;
			preferredProjectObjectVersion = 77;
			productRefGroup = 3AE32D542F4E538F00D0BFE3 /* Products */;
			projectDirPath = "";
			projectRoot = "";
			targets = (
				3AE32D522F4E538F00D0BFE3 /* train-ai-v2 */,
				3AE32D612F4E539100D0BFE3 /* train-ai-v2Tests */,
				3AE32D6B2F4E539100D0BFE3 /* train-ai-v2UITests */,
			);
		};
/* End PBXProject section */

/* Begin PBXResourcesBuildPhase section */
		3AE32D512F4E538F00D0BFE3 /* Resources */ = {
			isa = PBXResourcesBuildPhase;
			buildActionMask = 2147483647;
			files = (
			);
			runOnlyForDeploymentPostprocessing = 0;
		};
		3AE32D602F4E539100D0BFE3 /* Resources */ = {
			isa = PBXResourcesBuildPhase;
			buildActionMask = 2147483647;
			files = (
			);
			runOnlyForDeploymentPostprocessing = 0;
		};
		3AE32D6A2F4E539100D0BFE3 /* Resources */ = {
			isa = PBXResourcesBuildPhase;
			buildActionMask = 2147483647;
			files = (
			);
			runOnlyForDeploymentPostprocessing = 0;
		};
/* End PBXResourcesBuildPhase section */

/* Begin PBXSourcesBuildPhase section */
		3AE32D4F2F4E538F00D0BFE3 /* Sources */ = {
			isa = PBXSourcesBuildPhase;
			buildActionMask = 2147483647;
			files = (
				3AE32DAA2F4EEC4800D0BFE3 /* ChatView.swift in Sources */,
				3AE32DAC2F4EEC5000D0BFE3 /* SideMenuView.swift in Sources */,
				3AD6F9F62F526443006F6C92 /* MedicationsDetailView.swift in Sources */,
				3AD6F9EE2F52397E006F6C92 /* UserProfile.swift in Sources */,
				AA11111100000000AA000001 /* AIModel.swift in Sources */,
				AA11111100000000AA000002 /* ChatMessage.swift in Sources */,
				3AEB34E72F50F3EB00B43B55 /* Conversation.swift in Sources */,
				AA11111100000000AA000003 /* KeychainHelper.swift in Sources */,
				3AD6F9F02F5239DC006F6C92 /* ProfileView.swift in Sources */,
				3AEB34E92F50F58000B43B55 /* ChatsListView.swift in Sources */,
				3AD6F9F22F525EBD006F6C92 /* MedicalConditionsDetailView.swift in Sources */,
				3AEB34EF2F518D8C00B43B55 /* WorkoutProgramView.swift in Sources */,
				AA11111100000000AA000004 /* ChatService.swift in Sources */,
				3AD6F9F42F525ECD006F6C92 /* CurrentInjuriesDetailView.swift in Sources */,
				AA11111100000000AA000005 /* AppTheme.swift in Sources */,
				3AEB34F12F51F1ED00B43B55 /* SettingsView.swift in Sources */,
				3AD6FA042F52F054006F6C92 /* SystemPrompt.swift in Sources */,
			);
			runOnlyForDeploymentPostprocessing = 0;
		};
		3AE32D5E2F4E539100D0BFE3 /* Sources */ = {
			isa = PBXSourcesBuildPhase;
			buildActionMask = 2147483647;
			files = (
			);
			runOnlyForDeploymentPostprocessing = 0;
		};
		3AE32D682F4E539100D0BFE3 /* Sources */ = {
			isa = PBXSourcesBuildPhase;
			buildActionMask = 2147483647;
			files = (
			);
			runOnlyForDeploymentPostprocessing = 0;
		};
/* End PBXSourcesBuildPhase section */

/* Begin PBXTargetDependency section */
		3AE32D642F4E539100D0BFE3 /* PBXTargetDependency */ = {
			isa = PBXTargetDependency;
			target = 3AE32D522F4E538F00D0BFE3 /* train-ai-v2 */;
			targetProxy = 3AE32D632F4E539100D0BFE3 /* PBXContainerItemProxy */;
		};
		3AE32D6E2F4E539100D0BFE3 /* PBXTargetDependency */ = {
			isa = PBXTargetDependency;
			target = 3AE32D522F4E538F00D0BFE3 /* train-ai-v2 */;
			targetProxy = 3AE32D6D2F4E539100D0BFE3 /* PBXContainerItemProxy */;
		};
/* End PBXTargetDependency section */

/* Begin XCBuildConfiguration section */
		3AE32D742F4E539100D0BFE3 /* Debug */ = {
			isa = XCBuildConfiguration;
			buildSettings = {
				ALWAYS_SEARCH_USER_PATHS = NO;
				ASSETCATALOG_COMPILER_GENERATE_SWIFT_ASSET_SYMBOL_EXTENSIONS = YES;
				CLANG_ANALYZER_NONNULL = YES;
				CLANG_ANALYZER_NUMBER_OBJECT_CONVERSION = YES_AGGRESSIVE;
				CLANG_CXX_LANGUAGE_STANDARD = "gnu++20";
				CLANG_ENABLE_MODULES = YES;
				CLANG_ENABLE_OBJC_ARC = YES;
				CLANG_ENABLE_OBJC_WEAK = YES;
				CLANG_WARN_BLOCK_CAPTURE_AUTORELEASING = YES;
				CLANG_WARN_BOOL_CONVERSION = YES;
				CLANG_WARN_COMMA = YES;
				CLANG_WARN_CONSTANT_CONVERSION = YES;
				CLANG_WARN_DEPRECATED_OBJC_IMPLEMENTATIONS = YES;
				CLANG_WARN_DIRECT_OBJC_ISA_USAGE = YES_ERROR;
				CLANG_WARN_DOCUMENTATION_COMMENTS = YES;
				CLANG_WARN_EMPTY_BODY = YES;
				CLANG_WARN_ENUM_CONVERSION = YES;
				CLANG_WARN_INFINITE_RECURSION = YES;
				CLANG_WARN_INT_CONVERSION = YES;
				CLANG_WARN_NON_LITERAL_NULL_CONVERSION = YES;
				CLANG_WARN_OBJC_IMPLICIT_RETAIN_SELF = YES;
				CLANG_WARN_OBJC_LITERAL_CONVERSION = YES;
				CLANG_WARN_OBJC_ROOT_CLASS = YES_ERROR;
				CLANG_WARN_QUOTED_INCLUDE_IN_FRAMEWORK_HEADER = YES;
				CLANG_WARN_RANGE_LOOP_ANALYSIS = YES;
				CLANG_WARN_STRICT_PROTOTYPES = YES;
				CLANG_WARN_SUSPICIOUS_MOVE = YES;
				CLANG_WARN_UNGUARDED_AVAILABILITY = YES_AGGRESSIVE;
				CLANG_WARN_UNREACHABLE_CODE = YES;
				CLANG_WARN__DUPLICATE_METHOD_MATCH = YES;
				COPY_PHASE_STRIP = NO;
				DEBUG_INFORMATION_FORMAT = dwarf;
				DEVELOPMENT_TEAM = V934J8K9LH;
				ENABLE_STRICT_OBJC_MSGSEND = YES;
				ENABLE_TESTABILITY = YES;
				ENABLE_USER_SCRIPT_SANDBOXING = YES;
				GCC_C_LANGUAGE_STANDARD = gnu17;
				GCC_DYNAMIC_NO_PIC = NO;
				GCC_NO_COMMON_BLOCKS = YES;
				GCC_OPTIMIZATION_LEVEL = 0;
				GCC_PREPROCESSOR_DEFINITIONS = (
					"DEBUG=1",
					"$(inherited)",
				);
				GCC_WARN_64_TO_32_BIT_CONVERSION = YES;
				GCC_WARN_ABOUT_RETURN_TYPE = YES_ERROR;
				GCC_WARN_UNDECLARED_SELECTOR = YES;
				GCC_WARN_UNINITIALIZED_AUTOS = YES_AGGRESSIVE;
				GCC_WARN_UNUSED_FUNCTION = YES;
				GCC_WARN_UNUSED_VARIABLE = YES;
				IPHONEOS_DEPLOYMENT_TARGET = 26.2;
				LOCALIZATION_PREFERS_STRING_CATALOGS = YES;
				MTL_ENABLE_DEBUG_INFO = INCLUDE_SOURCE;
				MTL_FAST_MATH = YES;
				ONLY_ACTIVE_ARCH = YES;
				SDKROOT = iphoneos;
				SWIFT_ACTIVE_COMPILATION_CONDITIONS = "DEBUG $(inherited)";
				SWIFT_OPTIMIZATION_LEVEL = "-Onone";
			};
			name = Debug;
		};
		3AE32D752F4E539100D0BFE3 /* Release */ = {
			isa = XCBuildConfiguration;
			buildSettings = {
				ALWAYS_SEARCH_USER_PATHS = NO;
				ASSETCATALOG_COMPILER_GENERATE_SWIFT_ASSET_SYMBOL_EXTENSIONS = YES;
				CLANG_ANALYZER_NONNULL = YES;
				CLANG_ANALYZER_NUMBER_OBJECT_CONVERSION = YES_AGGRESSIVE;
				CLANG_CXX_LANGUAGE_STANDARD = "gnu++20";
				CLANG_ENABLE_MODULES = YES;
				CLANG_ENABLE_OBJC_ARC = YES;
				CLANG_ENABLE_OBJC_WEAK = YES;
				CLANG_WARN_BLOCK_CAPTURE_AUTORELEASING = YES;
				CLANG_WARN_BOOL_CONVERSION = YES;
				CLANG_WARN_COMMA = YES;
				CLANG_WARN_CONSTANT_CONVERSION = YES;
				CLANG_WARN_DEPRECATED_OBJC_IMPLEMENTATIONS = YES;
				CLANG_WARN_DIRECT_OBJC_ISA_USAGE = YES_ERROR;
				CLANG_WARN_DOCUMENTATION_COMMENTS = YES;
				CLANG_WARN_EMPTY_BODY = YES;
				CLANG_WARN_ENUM_CONVERSION = YES;
				CLANG_WARN_INFINITE_RECURSION = YES;
				CLANG_WARN_INT_CONVERSION = YES;
				CLANG_WARN_NON_LITERAL_NULL_CONVERSION = YES;
				CLANG_WARN_OBJC_IMPLICIT_RETAIN_SELF = YES;
				CLANG_WARN_OBJC_LITERAL_CONVERSION = YES;
				CLANG_WARN_OBJC_ROOT_CLASS = YES_ERROR;
				CLANG_WARN_QUOTED_INCLUDE_IN_FRAMEWORK_HEADER = YES;
				CLANG_WARN_RANGE_LOOP_ANALYSIS = YES;
				CLANG_WARN_STRICT_PROTOTYPES = YES;
				CLANG_WARN_SUSPICIOUS_MOVE = YES;
				CLANG_WARN_UNGUARDED_AVAILABILITY = YES_AGGRESSIVE;
				CLANG_WARN_UNREACHABLE_CODE = YES;
				CLANG_WARN__DUPLICATE_METHOD_MATCH = YES;
				COPY_PHASE_STRIP = NO;
				DEBUG_INFORMATION_FORMAT = "dwarf-with-dsym";
				DEVELOPMENT_TEAM = V934J8K9LH;
				ENABLE_NS_ASSERTIONS = NO;
				ENABLE_STRICT_OBJC_MSGSEND = YES;
				ENABLE_USER_SCRIPT_SANDBOXING = YES;
				GCC_C_LANGUAGE_STANDARD = gnu17;
				GCC_NO_COMMON_BLOCKS = YES;
				GCC_WARN_64_TO_32_BIT_CONVERSION = YES;
				GCC_WARN_ABOUT_RETURN_TYPE = YES_ERROR;
				GCC_WARN_UNDECLARED_SELECTOR = YES;
				GCC_WARN_UNINITIALIZED_AUTOS = YES_AGGRESSIVE;
				GCC_WARN_UNUSED_FUNCTION = YES;
				GCC_WARN_UNUSED_VARIABLE = YES;
				IPHONEOS_DEPLOYMENT_TARGET = 26.2;
				LOCALIZATION_PREFERS_STRING_CATALOGS = YES;
				MTL_ENABLE_DEBUG_INFO = NO;
				MTL_FAST_MATH = YES;
				SDKROOT = iphoneos;
				SWIFT_COMPILATION_MODE = wholemodule;
				VALIDATE_PRODUCT = YES;
			};
			name = Release;
		};
		3AE32D772F4E539100D0BFE3 /* Debug */ = {
			isa = XCBuildConfiguration;
			buildSettings = {
				ASSETCATALOG_COMPILER_APPICON_NAME = AppIcon;
				ASSETCATALOG_COMPILER_GLOBAL_ACCENT_COLOR_NAME = AccentColor;
				CODE_SIGN_STYLE = Automatic;
				CURRENT_PROJECT_VERSION = 1;
				DEVELOPMENT_TEAM = V934J8K9LH;
				ENABLE_PREVIEWS = YES;
				GENERATE_INFOPLIST_FILE = YES;
				INFOPLIST_KEY_UIApplicationSceneManifest_Generation = YES;
				INFOPLIST_KEY_UIApplicationSupportsIndirectInputEvents = YES;
				INFOPLIST_KEY_UILaunchScreen_Generation = YES;
				INFOPLIST_KEY_UISupportedInterfaceOrientations_iPad = "UIInterfaceOrientationPortrait UIInterfaceOrientationPortraitUpsideDown UIInterfaceOrientationLandscapeLeft UIInterfaceOrientationLandscapeRight";
				INFOPLIST_KEY_UISupportedInterfaceOrientations_iPhone = "UIInterfaceOrientationPortrait UIInterfaceOrientationLandscapeLeft UIInterfaceOrientationLandscapeRight";
				LD_RUNPATH_SEARCH_PATHS = (
					"$(inherited)",
					"@executable_path/Frameworks",
				);
				MARKETING_VERSION = 1.0;
				PRODUCT_BUNDLE_IDENTIFIER = "com.nicholas.train-ai-v2";
				PRODUCT_NAME = "$(TARGET_NAME)";
				STRING_CATALOG_GENERATE_SYMBOLS = YES;
				SWIFT_APPROACHABLE_CONCURRENCY = YES;
				SWIFT_DEFAULT_ACTOR_ISOLATION = MainActor;
				SWIFT_EMIT_LOC_STRINGS = YES;
				SWIFT_UPCOMING_FEATURE_MEMBER_IMPORT_VISIBILITY = YES;
				SWIFT_VERSION = 5.0;
				TARGETED_DEVICE_FAMILY = "1,2";
			};
			name = Debug;
		};
		3AE32D782F4E539100D0BFE3 /* Release */ = {
			isa = XCBuildConfiguration;
			buildSettings = {
				ASSETCATALOG_COMPILER_APPICON_NAME = AppIcon;
				ASSETCATALOG_COMPILER_GLOBAL_ACCENT_COLOR_NAME = AccentColor;
				CODE_SIGN_STYLE = Automatic;
				CURRENT_PROJECT_VERSION = 1;
				DEVELOPMENT_TEAM = V934J8K9LH;
				ENABLE_PREVIEWS = YES;
				GENERATE_INFOPLIST_FILE = YES;
				INFOPLIST_KEY_UIApplicationSceneManifest_Generation = YES;
				INFOPLIST_KEY_UIApplicationSupportsIndirectInputEvents = YES;
				INFOPLIST_KEY_UILaunchScreen_Generation = YES;
				INFOPLIST_KEY_UISupportedInterfaceOrientations_iPad = "UIInterfaceOrientationPortrait UIInterfaceOrientationPortraitUpsideDown UIInterfaceOrientationLandscapeLeft UIInterfaceOrientationLandscapeRight";
				INFOPLIST_KEY_UISupportedInterfaceOrientations_iPhone = "UIInterfaceOrientationPortrait UIInterfaceOrientationLandscapeLeft UIInterfaceOrientationLandscapeRight";
				LD_RUNPATH_SEARCH_PATHS = (
					"$(inherited)",
					"@executable_path/Frameworks",
				);
				MARKETING_VERSION = 1.0;
				PRODUCT_BUNDLE_IDENTIFIER = "com.nicholas.train-ai-v2";
				PRODUCT_NAME = "$(TARGET_NAME)";
				STRING_CATALOG_GENERATE_SYMBOLS = YES;
				SWIFT_APPROACHABLE_CONCURRENCY = YES;
				SWIFT_DEFAULT_ACTOR_ISOLATION = MainActor;
				SWIFT_EMIT_LOC_STRINGS = YES;
				SWIFT_UPCOMING_FEATURE_MEMBER_IMPORT_VISIBILITY = YES;
				SWIFT_VERSION = 5.0;
				TARGETED_DEVICE_FAMILY = "1,2";
			};
			name = Release;
		};
		3AE32D7A2F4E539100D0BFE3 /* Debug */ = {
			isa = XCBuildConfiguration;
			buildSettings = {
				BUNDLE_LOADER = "$(TEST_HOST)";
				CODE_SIGN_STYLE = Automatic;
				CURRENT_PROJECT_VERSION = 1;
				DEVELOPMENT_TEAM = V934J8K9LH;
				GENERATE_INFOPLIST_FILE = YES;
				IPHONEOS_DEPLOYMENT_TARGET = 26.2;
				MARKETING_VERSION = 1.0;
				PRODUCT_BUNDLE_IDENTIFIER = "com.nicholas.train-ai-v2Tests";
				PRODUCT_NAME = "$(TARGET_NAME)";
				STRING_CATALOG_GENERATE_SYMBOLS = NO;
				SWIFT_APPROACHABLE_CONCURRENCY = YES;
				SWIFT_EMIT_LOC_STRINGS = NO;
				SWIFT_UPCOMING_FEATURE_MEMBER_IMPORT_VISIBILITY = YES;
				SWIFT_VERSION = 5.0;
				TARGETED_DEVICE_FAMILY = "1,2";
				TEST_HOST = "$(BUILT_PRODUCTS_DIR)/train-ai-v2.app/$(BUNDLE_EXECUTABLE_FOLDER_PATH)/train-ai-v2";
			};
			name = Debug;
		};
		3AE32D7B2F4E539100D0BFE3 /* Release */ = {
			isa = XCBuildConfiguration;
			buildSettings = {
				BUNDLE_LOADER = "$(TEST_HOST)";
				CODE_SIGN_STYLE = Automatic;
				CURRENT_PROJECT_VERSION = 1;
				DEVELOPMENT_TEAM = V934J8K9LH;
				GENERATE_INFOPLIST_FILE = YES;
				IPHONEOS_DEPLOYMENT_TARGET = 26.2;
				MARKETING_VERSION = 1.0;
				PRODUCT_BUNDLE_IDENTIFIER = "com.nicholas.train-ai-v2Tests";
				PRODUCT_NAME = "$(TARGET_NAME)";
				STRING_CATALOG_GENERATE_SYMBOLS = NO;
				SWIFT_APPROACHABLE_CONCURRENCY = YES;
				SWIFT_EMIT_LOC_STRINGS = NO;
				SWIFT_UPCOMING_FEATURE_MEMBER_IMPORT_VISIBILITY = YES;
				SWIFT_VERSION = 5.0;
				TARGETED_DEVICE_FAMILY = "1,2";
				TEST_HOST = "$(BUILT_PRODUCTS_DIR)/train-ai-v2.app/$(BUNDLE_EXECUTABLE_FOLDER_PATH)/train-ai-v2";
			};
			name = Release;
		};
		3AE32D7D2F4E539100D0BFE3 /* Debug */ = {
			isa = XCBuildConfiguration;
			buildSettings = {
				CODE_SIGN_STYLE = Automatic;
				CURRENT_PROJECT_VERSION = 1;
				DEVELOPMENT_TEAM = V934J8K9LH;
				GENERATE_INFOPLIST_FILE = YES;
				MARKETING_VERSION = 1.0;
				PRODUCT_BUNDLE_IDENTIFIER = "com.nicholas.train-ai-v2UITests";
				PRODUCT_NAME = "$(TARGET_NAME)";
				STRING_CATALOG_GENERATE_SYMBOLS = NO;
				SWIFT_APPROACHABLE_CONCURRENCY = YES;
				SWIFT_EMIT_LOC_STRINGS = NO;
				SWIFT_UPCOMING_FEATURE_MEMBER_IMPORT_VISIBILITY = YES;
				SWIFT_VERSION = 5.0;
				TARGETED_DEVICE_FAMILY = "1,2";
				TEST_TARGET_NAME = "train-ai-v2";
			};
			name = Debug;
		};
		3AE32D7E2F4E539100D0BFE3 /* Release */ = {
			isa = XCBuildConfiguration;
			buildSettings = {
				CODE_SIGN_STYLE = Automatic;
				CURRENT_PROJECT_VERSION = 1;
				DEVELOPMENT_TEAM = V934J8K9LH;
				GENERATE_INFOPLIST_FILE = YES;
				MARKETING_VERSION = 1.0;
				PRODUCT_BUNDLE_IDENTIFIER = "com.nicholas.train-ai-v2UITests";
				PRODUCT_NAME = "$(TARGET_NAME)";
				STRING_CATALOG_GENERATE_SYMBOLS = NO;
				SWIFT_APPROACHABLE_CONCURRENCY = YES;
				SWIFT_EMIT_LOC_STRINGS = NO;
				SWIFT_UPCOMING_FEATURE_MEMBER_IMPORT_VISIBILITY = YES;
				SWIFT_VERSION = 5.0;
				TARGETED_DEVICE_FAMILY = "1,2";
				TEST_TARGET_NAME = "train-ai-v2";
			};
			name = Release;
		};
/* End XCBuildConfiguration section */

/* Begin XCConfigurationList section */
		3AE32D4E2F4E538F00D0BFE3 /* Build configuration list for PBXProject "train-ai-v2" */ = {
			isa = XCConfigurationList;
			buildConfigurations = (
				3AE32D742F4E539100D0BFE3 /* Debug */,
				3AE32D752F4E539100D0BFE3 /* Release */,
			);
			defaultConfigurationIsVisible = 0;
			defaultConfigurationName = Release;
		};
		3AE32D762F4E539100D0BFE3 /* Build configuration list for PBXNativeTarget "train-ai-v2" */ = {
			isa = XCConfigurationList;
			buildConfigurations = (
				3AE32D772F4E539100D0BFE3 /* Debug */,
				3AE32D782F4E539100D0BFE3 /* Release */,
			);
			defaultConfigurationIsVisible = 0;
			defaultConfigurationName = Release;
		};
		3AE32D792F4E539100D0BFE3 /* Build configuration list for PBXNativeTarget "train-ai-v2Tests" */ = {
			isa = XCConfigurationList;
			buildConfigurations = (
				3AE32D7A2F4E539100D0BFE3 /* Debug */,
				3AE32D7B2F4E539100D0BFE3 /* Release */,
			);
			defaultConfigurationIsVisible = 0;
			defaultConfigurationName = Release;
		};
		3AE32D7C2F4E539100D0BFE3 /* Build configuration list for PBXNativeTarget "train-ai-v2UITests" */ = {
			isa = XCConfigurationList;
			buildConfigurations = (
				3AE32D7D2F4E539100D0BFE3 /* Debug */,
				3AE32D7E2F4E539100D0BFE3 /* Release */,
			);
			defaultConfigurationIsVisible = 0;
			defaultConfigurationName = Release;
		};
/* End XCConfigurationList section */
	};
	rootObject = 3AE32D4B2F4E538F00D0BFE3 /* Project object */;
}
